
Microsoft Visual Studio Solution File, Format Version 12.00
# Visual Studio Version 16
VisualStudioVersion = 16.0.32126.315
MinimumVisualStudioVersion = 10.0.40219.1
Project("{FAE04EC0-301F-11D3-BF4B-00C04F79EFBC}") = "HttpClientDemo", "HttpClientDemo\HttpClientDemo.csproj", "{F874A6A0-C567-451E-978E-41C96DE61113}"
EndProject
Global
	GlobalSection(SolutionConfigurationPlatforms) = preSolution
		Debug|Any CPU = Debug|Any CPU
		Release|Any CPU = Release|Any CPU
	EndGlobalSection
	GlobalSection(ProjectConfigurationPlatforms) = postSolution
		{F874A6A0-C567-451E-978E-41C96DE61113}.Debug|Any CPU.ActiveCfg = Debug|Any CPU
		{F874A6A0-C567-451E-978E-41C96DE61113}.Debug|Any CPU.Build.0 = Debug|Any CPU
		{F874A6A0-C567-451E-978E-41C96DE61113}.Release|Any CPU.ActiveCfg = Release|Any CPU
		{F874A6A0-C567-451E-978E-41C96DE61113}.Release|Any CPU.Build.0 = Release|Any CPU
	EndGlobalSection
	GlobalSection(SolutionProperties) = preSolution
		HideSolutionNode = FALSE
	EndGlobalSection
	GlobalSection(ExtensibilityGlobals) = postSolution
		SolutionGuid = {B5F351A6-BFD1-421E-B400-2095F25586DD}
	EndGlobalSection
EndGlobal
